// !$*UTF8*$!
{
	archiveVersion = 1;
	classes = {
	};
	objectVersion = 46;
	objects = {

/* Begin PBXBuildFile section */
		1602678A1BE46B9100B74DE0 /* AppDelegate.swift in Sources */ = {isa = PBXBuildFile; fileRef = 160267891BE46B9100B74DE0 /* AppDelegate.swift */; };
		160267911BE46B9200B74DE0 /* Assets.xcassets in Resources */ = {isa = PBXBuildFile; fileRef = 160267901BE46B9200B74DE0 /* Assets.xcassets */; };
		160267941BE46B9200B74DE0 /* LaunchScreen.storyboard in Resources */ = {isa = PBXBuildFile; fileRef = 160267921BE46B9200B74DE0 /* LaunchScreen.storyboard */; };
		1602679F1BE46B9200B74DE0 /* HelloWorldTests.swift in Sources */ = {isa = PBXBuildFile; fileRef = 1602679E1BE46B9200B74DE0 /* HelloWorldTests.swift */; };
		160267AA1BE46B9200B74DE0 /* HelloWorldUITests.swift in Sources */ = {isa = PBXBuildFile; fileRef = 160267A91BE46B9200B74DE0 /* HelloWorldUITests.swift */; };
		160267B81BE46E8F00B74DE0 /* HelloViewController.swift in Sources */ = {isa = PBXBuildFile; fileRef = 160267B71BE46E8F00B74DE0 /* HelloViewController.swift */; settings = {ASSET_TAGS = (); }; };
		160267BA1BE4A70E00B74DE0 /* Main.storyboard in Resources */ = {isa = PBXBuildFile; fileRef = 160267B91BE4A70E00B74DE0 /* Main.storyboard */; settings = {ASSET_TAGS = (); }; };
/* End PBXBuildFile section */

/* Begin PBXContainerItemProxy section */
		1602679B1BE46B9200B74DE0 /* PBXContainerItemProxy */ = {
			isa = PBXContainerItemProxy;
			containerPortal = 1602677E1BE46B9100B74DE0 /* Project object */;
			proxyType = 1;
			remoteGlobalIDString = 160267851BE46B9100B74DE0;
			remoteInfo = HelloWorld;
		};
		160267A61BE46B9200B74DE0 /* PBXContainerItemProxy */ = {
			isa = PBXContainerItemProxy;
			containerPortal = 1602677E1BE46B9100B74DE0 /* Project object */;
			proxyType = 1;
			remoteGlobalIDString = 160267851BE46B9100B74DE0;
			remoteInfo = HelloWorld;
		};
/* End PBXContainerItemProxy section */

/* Begin PBXFileReference section */
		160267861BE46B9100B74DE0 /* HelloWorld.app */ = {isa = PBXFileReference; explicitFileType = wrapper.application; includeInIndex = 0; path = HelloWorld.app; sourceTree = BUILT_PRODUCTS_DIR; };
		160267891BE46B9100B74DE0 /* AppDelegate.swift */ = {isa = PBXFileReference; lastKnownFileType = sourcecode.swift; path = AppDelegate.swift; sourceTree = "<group>"; };
		160267901BE46B9200B74DE0 /* Assets.xcassets */ = {isa = PBXFileReference; lastKnownFileType = folder.assetcatalog; path = Assets.xcassets; sourceTree = "<group>"; };
		160267931BE46B9200B74DE0 /* Base */ = {isa = PBXFileReference; lastKnownFileType = file.storyboard; name = Base; path = Base.lproj/LaunchScreen.storyboard; sourceTree = "<group>"; };
		160267951BE46B9200B74DE0 /* Info.plist */ = {isa = PBXFileReference; lastKnownFileType = text.plist.xml; path = Info.plist; sourceTree = "<group>"; };
		1602679A1BE46B9200B74DE0 /* HelloWorldTests.xctest */ = {isa = PBXFileReference; explicitFileType = wrapper.cfbundle; includeInIndex = 0; path = HelloWorldTests.xctest; sourceTree = BUILT_PRODUCTS_DIR; };
		1602679E1BE46B9200B74DE0 /* HelloWorldTests.swift */ = {isa = PBXFileReference; lastKnownFileType = sourcecode.swift; path = HelloWorldTests.swift; sourceTree = "<group>"; };
		160267A01BE46B9200B74DE0 /* Info.plist */ = {isa = PBXFileReference; lastKnownFileType = text.plist.xml; path = Info.plist; sourceTree = "<group>"; };
		160267A51BE46B9200B74DE0 /* HelloWorldUITests.xctest */ = {isa = PBXFileReference; explicitFileType = wrapper.cfbundle; includeInIndex = 0; path = HelloWorldUITests.xctest; sourceTree = BUILT_PRODUCTS_DIR; };
		160267A91BE46B9200B74DE0 /* HelloWorldUITests.swift */ = {isa = PBXFileReference; lastKnownFileType = sourcecode.swift; path = HelloWorldUITests.swift; sourceTree = "<group>"; };
		160267AB1BE46B9200B74DE0 /* Info.plist */ = {isa = PBXFileReference; lastKnownFileType = text.plist.xml; path = Info.plist; sourceTree = "<group>"; };
		160267B71BE46E8F00B74DE0 /* HelloViewController.swift */ = {isa = PBXFileReference; fileEncoding = 4; lastKnownFileType = sourcecode.swift; path = HelloViewController.swift; sourceTree = "<group>"; };
		160267B91BE4A70E00B74DE0 /* Main.storyboard */ = {isa = PBXFileReference; fileEncoding = 4; lastKnownFileType = file.storyboard; path = Main.storyboard; sourceTree = "<group>"; };
/* End PBXFileReference section */

/* Begin PBXFrameworksBuildPhase section */
		160267831BE46B9100B74DE0 /* Frameworks */ = {
			isa = PBXFrameworksBuildPhase;
			buildActionMask = 2147483647;
			files = (
			);
			runOnlyForDeploymentPostprocessing = 0;
		};
		160267971BE46B9200B74DE0 /* Frameworks */ = {
			isa = PBXFrameworksBuildPhase;
			buildActionMask = 2147483647;
			files = (
			);
			runOnlyForDeploymentPostprocessing = 0;
		};
		160267A21BE46B9200B74DE0 /* Frameworks */ = {
			isa = PBXFrameworksBuildPhase;
			buildActionMask = 2147483647;
			files = (
			);
			runOnlyForDeploymentPostprocessing = 0;
		};
/* End PBXFrameworksBuildPhase section */

/* Begin PBXGroup section */
		1602677D1BE46B9100B74DE0 = {
			isa = PBXGroup;
			children = (
				160267881BE46B9100B74DE0 /* HelloWorld */,
				1602679D1BE46B9200B74DE0 /* HelloWorldTests */,
				160267A81BE46B9200B74DE0 /* HelloWorldUITests */,
				160267871BE46B9100B74DE0 /* Products */,
			);
			sourceTree = "<group>";
		};
		160267871BE46B9100B74DE0 /* Products */ = {
			isa = PBXGroup;
			children = (
				160267861BE46B9100B74DE0 /* HelloWorld.app */,
				1602679A1BE46B9200B74DE0 /* HelloWorldTests.xctest */,
				160267A51BE46B9200B74DE0 /* HelloWorldUITests.xctest */,
			);
			name = Products;
			sourceTree = "<group>";
		};
		160267881BE46B9100B74DE0 /* HelloWorld */ = {
			isa = PBXGroup;
			children = (
				160267891BE46B9100B74DE0 /* AppDelegate.swift */,
				160267B71BE46E8F00B74DE0 /* HelloViewController.swift */,
				160267901BE46B9200B74DE0 /* Assets.xcassets */,
				160267921BE46B9200B74DE0 /* LaunchScreen.storyboard */,
				160267951BE46B9200B74DE0 /* Info.plist */,
				160267B91BE4A70E00B74DE0 /* Main.storyboard */,
			);
			path = HelloWorld;
			sourceTree = "<group>";
		};
		1602679D1BE46B9200B74DE0 /* HelloWorldTests */ = {
			isa = PBXGroup;
			children = (
				1602679E1BE46B9200B74DE0 /* HelloWorldTests.swift */,
				160267A01BE46B9200B74DE0 /* Info.plist */,
			);
			path = HelloWorldTests;
			sourceTree = "<group>";
		};
		160267A81BE46B9200B74DE0 /* HelloWorldUITests */ = {
			isa = PBXGroup;
			children = (
				160267A91BE46B9200B74DE0 /* HelloWorldUITests.swift */,
				160267AB1BE46B9200B74DE0 /* Info.plist */,
			);
			path = HelloWorldUITests;
			sourceTree = "<group>";
		};
/* End PBXGroup section */

/* Begin PBXNativeTarget section */
		160267851BE46B9100B74DE0 /* HelloWorld */ = {
			isa = PBXNativeTarget;
			buildConfigurationList = 160267AE1BE46B9200B74DE0 /* Build configuration list for PBXNativeTarget "HelloWorld" */;
			buildPhases = (
				160267821BE46B9100B74DE0 /* Sources */,
				160267831BE46B9100B74DE0 /* Frameworks */,
				160267841BE46B9100B74DE0 /* Resources */,
			);
			buildRules = (
			);
			dependencies = (
			);
			name = HelloWorld;
			productName = HelloWorld;
			productReference = 160267861BE46B9100B74DE0 /* HelloWorld.app */;
			productType = "com.apple.product-type.application";
		};
		160267991BE46B9200B74DE0 /* HelloWorldTests */ = {
			isa = PBXNativeTarget;
			buildConfigurationList = 160267B11BE46B9200B74DE0 /* Build configuration list for PBXNativeTarget "HelloWorldTests" */;
			buildPhases = (
				160267961BE46B9200B74DE0 /* Sources */,
				160267971BE46B9200B74DE0 /* Frameworks */,
				160267981BE46B9200B74DE0 /* Resources */,
			);
			buildRules = (
			);
			dependencies = (
				1602679C1BE46B9200B74DE0 /* PBXTargetDependency */,
			);
			name = HelloWorldTests;
			productName = HelloWorldTests;
			productReference = 1602679A1BE46B9200B74DE0 /* HelloWorldTests.xctest */;
			productType = "com.apple.product-type.bundle.unit-test";
		};
		160267A41BE46B9200B74DE0 /* HelloWorldUITests */ = {
			isa = PBXNativeTarget;
			buildConfigurationList = 160267B41BE46B9200B74DE0 /* Build configuration list for PBXNativeTarget "HelloWorldUITests" */;
			buildPhases = (
				160267A11BE46B9200B74DE0 /* Sources */,
				160267A21BE46B9200B74DE0 /* Frameworks */,
				160267A31BE46B9200B74DE0 /* Resources */,
			);
			buildRules = (
			);
			dependencies = (
				160267A71BE46B9200B74DE0 /* PBXTargetDependency */,
			);
			name = HelloWorldUITests;
			productName = HelloWorldUITests;
			productReference = 160267A51BE46B9200B74DE0 /* HelloWorldUITests.xctest */;
			productType = "com.apple.product-type.bundle.ui-testing";
		};
/* End PBXNativeTarget section */

/* Begin PBXProject section */
		1602677E1BE46B9100B74DE0 /* Project object */ = {
			isa = PBXProject;
			attributes = {
				LastUpgradeCheck = 0700;
				ORGANIZATIONNAME = "Esu Chang";
				TargetAttributes = {
					160267851BE46B9100B74DE0 = {
						CreatedOnToolsVersion = 7.0.1;
						DevelopmentTeam = TF75JSK3RU;
					};
					160267991BE46B9200B74DE0 = {
						CreatedOnToolsVersion = 7.0.1;
						DevelopmentTeam = TF75JSK3RU;
						TestTargetID = 160267851BE46B9100B74DE0;
					};
					160267A41BE46B9200B74DE0 = {
						CreatedOnToolsVersion = 7.0.1;
						DevelopmentTeam = TF75JSK3RU;
						TestTargetID = 160267851BE46B9100B74DE0;
					};
				};
			};
			buildConfigurationList = 160267811BE46B9100B74DE0 /* Build configuration list for PBXProject "HelloWorld" */;
			compatibilityVersion = "Xcode 3.2";
			developmentRegion = English;
			hasScannedForEncodings = 0;
			knownRegions = (
				en,
				Base,
			);
			mainGroup = 1602677D1BE46B9100B74DE0;
			productRefGroup = 160267871BE46B9100B74DE0 /* Products */;
			projectDirPath = "";
			projectRoot = "";
			targets = (
				160267851BE46B9100B74DE0 /* HelloWorld */,
				160267991BE46B9200B74DE0 /* HelloWorldTests */,
				160267A41BE46B9200B74DE0 /* HelloWorldUITests */,
			);
		};
/* End PBXProject section */

/* Begin PBXResourcesBuildPhase section */
		160267841BE46B9100B74DE0 /* Resources */ = {
			isa = PBXResourcesBuildPhase;
			buildActionMask = 2147483647;
			files = (
				160267BA1BE4A70E00B74DE0 /* Main.storyboard in Resources */,
				160267941BE46B9200B74DE0 /* LaunchScreen.storyboard in Resources */,
				160267911BE46B9200B74DE0 /* Assets.xcassets in Resources */,
			);
			runOnlyForDeploymentPostprocessing = 0;
		};
		160267981BE46B9200B74DE0 /* Resources */ = {
			isa = PBXResourcesBuildPhase;
			buildActionMask = 2147483647;
			files = (
			);
			runOnlyForDeploymentPostprocessing = 0;
		};
		160267A31BE46B9200B74DE0 /* Resources */ = {
			isa = PBXResourcesBuildPhase;
			buildActionMask = 2147483647;
			files = (
			);
			runOnlyForDeploymentPostprocessing = 0;
		};
/* End PBXResourcesBuildPhase section */

/* Begin PBXSourcesBuildPhase section */
		160267821BE46B9100B74DE0 /* Sources */ = {
			isa = PBXSourcesBuildPhase;
			buildActionMask = 2147483647;
			files = (
				1602678A1BE46B9100B74DE0 /* AppDelegate.swift in Sources */,
				160267B81BE46E8F00B74DE0 /* HelloViewController.swift in Sources */,
			);
			runOnlyForDeploymentPostprocessing = 0;
		};
		160267961BE46B9200B74DE0 /* Sources */ = {
			isa = PBXSourcesBuildPhase;
			buildActionMask = 2147483647;
			files = (
				1602679F1BE46B9200B74DE0 /* HelloWorldTests.swift in Sources */,
			);
			runOnlyForDeploymentPostprocessing = 0;
		};
		160267A11BE46B9200B74DE0 /* Sources */ = {
			isa = PBXSourcesBuildPhase;
			buildActionMask = 2147483647;
			files = (
				160267AA1BE46B9200B74DE0 /* HelloWorldUITests.swift in Sources */,
			);
			runOnlyForDeploymentPostprocessing = 0;
		};
/* End PBXSourcesBuildPhase section */

/* Begin PBXTargetDependency section */
		1602679C1BE46B9200B74DE0 /* PBXTargetDependency */ = {
			isa = PBXTargetDependency;
			target = 160267851BE46B9100B74DE0 /* HelloWorld */;
			targetProxy = 1602679B1BE46B9200B74DE0 /* PBXContainerItemProxy */;
		};
		160267A71BE46B9200B74DE0 /* PBXTargetDependency */ = {
			isa = PBXTargetDependency;
			target = 160267851BE46B9100B74DE0 /* HelloWorld */;
			targetProxy = 160267A61BE46B9200B74DE0 /* PBXContainerItemProxy */;
		};
/* End PBXTargetDependency section */

/* Begin PBXVariantGroup section */
		160267921BE46B9200B74DE0 /* LaunchScreen.storyboard */ = {
			isa = PBXVariantGroup;
			children = (
				160267931BE46B9200B74DE0 /* Base */,
			);
			name = LaunchScreen.storyboard;
			sourceTree = "<group>";
		};
/* End PBXVariantGroup section */

/* Begin XCBuildConfiguration section */
		160267AC1BE46B9200B74DE0 /* Debug */ = {
			isa = XCBuildConfiguration;
			buildSettings = {
				ALWAYS_SEARCH_USER_PATHS = NO;
				CLANG_CXX_LANGUAGE_STANDARD = "gnu++0x";
				CLANG_CXX_LIBRARY = "libc++";
				CLANG_ENABLE_MODULES = YES;
				CLANG_ENABLE_OBJC_ARC = YES;
				CLANG_WARN_BOOL_CONVERSION = YES;
				CLANG_WARN_CONSTANT_CONVERSION = YES;
				CLANG_WARN_DIRECT_OBJC_ISA_USAGE = YES_ERROR;
				CLANG_WARN_EMPTY_BODY = YES;
				CLANG_WARN_ENUM_CONVERSION = YES;
				CLANG_WARN_INT_CONVERSION = YES;
				CLANG_WARN_OBJC_ROOT_CLASS = YES_ERROR;
				CLANG_WARN_UNREACHABLE_CODE = YES;
				CLANG_WARN__DUPLICATE_METHOD_MATCH = YES;
				"CODE_SIGN_IDENTITY[sdk=iphoneos*]" = "iPhone Developer";
				COPY_PHASE_STRIP = NO;
				DEBUG_INFORMATION_FORMAT = dwarf;
				ENABLE_STRICT_OBJC_MSGSEND = YES;
				ENABLE_TESTABILITY = YES;
				GCC_C_LANGUAGE_STANDARD = gnu99;
				GCC_DYNAMIC_NO_PIC = NO;
				GCC_NO_COMMON_BLOCKS = YES;
				GCC_OPTIMIZATION_LEVEL = 0;
				GCC_PREPROCESSOR_DEFINITIONS = (
					"DEBUG=1",
					"$(inherited)",
				);
				GCC_WARN_64_TO_32_BIT_CONVERSION = YES;
				GCC_WARN_ABOUT_RETURN_TYPE = YES_ERROR;
				GCC_WARN_UNDECLARED_SELECTOR = YES;
				GCC_WARN_UNINITIALIZED_AUTOS = YES_AGGRESSIVE;
				GCC_WARN_UNUSED_FUNCTION = YES;
				GCC_WARN_UNUSED_VARIABLE = YES;
				IPHONEOS_DEPLOYMENT_TARGET = 9.0;
				MTL_ENABLE_DEBUG_INFO = YES;
				ONLY_ACTIVE_ARCH = YES;
				SDKROOT = iphoneos;
				SWIFT_OPTIMIZATION_LEVEL = "-Onone";
				TARGETED_DEVICE_FAMILY = "1,2";
			};
			name = Debug;
		};
		160267AD1BE46B9200B74DE0 /* Release */ = {
			isa = XCBuildConfiguration;
			buildSettings = {
				ALWAYS_SEARCH_USER_PATHS = NO;
				CLANG_CXX_LANGUAGE_STANDARD = "gnu++0x";
				CLANG_CXX_LIBRARY = "libc++";
				CLANG_ENABLE_MODULES = YES;
				CLANG_ENABLE_OBJC_ARC = YES;
				CLANG_WARN_BOOL_CONVERSION = YES;
				CLANG_WARN_CONSTANT_CONVERSION = YES;
				CLANG_WARN_DIRECT_OBJC_ISA_USAGE = YES_ERROR;
				CLANG_WARN_EMPTY_BODY = YES;
				CLANG_WARN_ENUM_CONVERSION = YES;
				CLANG_WARN_INT_CONVERSION = YES;
				CLANG_WARN_OBJC_ROOT_CLASS = YES_ERROR;
				CLANG_WARN_UNREACHABLE_CODE = YES;
				CLANG_WARN__DUPLICATE_METHOD_MATCH = YES;
				"CODE_SIGN_IDENTITY[sdk=iphoneos*]" = "iPhone Developer";
				COPY_PHASE_STRIP = NO;
				DEBUG_INFORMATION_FORMAT = "dwarf-with-dsym";
				ENABLE_NS_ASSERTIONS = NO;
				ENABLE_STRICT_OBJC_MSGSEND = YES;
				GCC_C_LANGUAGE_STANDARD = gnu99;
				GCC_NO_COMMON_BLOCKS = YES;
				GCC_WARN_64_TO_32_BIT_CONVERSION = YES;
				GCC_WARN_ABOUT_RETURN_TYPE = YES_ERROR;
				GCC_WARN_UNDECLARED_SELECTOR = YES;
				GCC_WARN_UNINITIALIZED_AUTOS = YES_AGGRESSIVE;
				GCC_WARN_UNUSED_FUNCTION = YES;
				GCC_WARN_UNUSED_VARIABLE = YES;
				IPHONEOS_DEPLOYMENT_TARGET = 9.0;
				MTL_ENABLE_DEBUG_INFO = NO;
				SDKROOT = iphoneos;
				TARGETED_DEVICE_FAMILY = "1,2";
				VALIDATE_PRODUCT = YES;
			};
			name = Release;
		};
		160267AF1BE46B9200B74DE0 /* Debug */ = {
			isa = XCBuildConfiguration;
			buildSettings = {
				ASSETCATALOG_COMPILER_APPICON_NAME = AppIcon;
				INFOPLIST_FILE = HelloWorld/Info.plist;
				LD_RUNPATH_SEARCH_PATHS = "$(inherited) @executable_path/Frameworks";
				PRODUCT_BUNDLE_IDENTIFIER = com.estellechang.HelloWorld;
				PRODUCT_NAME = "$(TARGET_NAME)";
			};
			name = Debug;
		};
		160267B01BE46B9200B74DE0 /* Release */ = {
			isa = XCBuildConfiguration;
			buildSettings = {
				ASSETCATALOG_COMPILER_APPICON_NAME = AppIcon;
				INFOPLIST_FILE = HelloWorld/Info.plist;
				LD_RUNPATH_SEARCH_PATHS = "$(inherited) @executable_path/Frameworks";
				PRODUCT_BUNDLE_IDENTIFIER = com.estellechang.HelloWorld;
				PRODUCT_NAME = "$(TARGET_NAME)";
			};
			name = Release;
		};
		160267B21BE46B9200B74DE0 /* Debug */ = {
			isa = XCBuildConfiguration;
			buildSettings = {
				BUNDLE_LOADER = "$(TEST_HOST)";
				INFOPLIST_FILE = HelloWorldTests/Info.plist;
				LD_RUNPATH_SEARCH_PATHS = "$(inherited) @executable_path/Frameworks @loader_path/Frameworks";
				PRODUCT_BUNDLE_IDENTIFIER = com.estellechang.HelloWorldTests;
				PRODUCT_NAME = "$(TARGET_NAME)";
				TEST_HOST = "$(BUILT_PRODUCTS_DIR)/HelloWorld.app/HelloWorld";
			};
			name = Debug;
		};
		160267B31BE46B9200B74DE0 /* Release */ = {
			isa = XCBuildConfiguration;
			buildSettings = {
				BUNDLE_LOADER = "$(TEST_HOST)";
				INFOPLIST_FILE = HelloWorldTests/Info.plist;
				LD_RUNPATH_SEARCH_PATHS = "$(inherited) @executable_path/Frameworks @loader_path/Frameworks";
				PRODUCT_BUNDLE_IDENTIFIER = com.estellechang.HelloWorldTests;
				PRODUCT_NAME = "$(TARGET_NAME)";
				TEST_HOST = "$(BUILT_PRODUCTS_DIR)/HelloWorld.app/HelloWorld";
			};
			name = Release;
		};
		160267B51BE46B9200B74DE0 /* Debug */ = {
			isa = XCBuildConfiguration;
			buildSettings = {
				INFOPLIST_FILE = HelloWorldUITests/Info.plist;
				LD_RUNPATH_SEARCH_PATHS = "$(inherited) @executable_path/Frameworks @loader_path/Frameworks";
				PRODUCT_BUNDLE_IDENTIFIER = com.estellechang.HelloWorldUITests;
				PRODUCT_NAME = "$(TARGET_NAME)";
				TEST_TARGET_NAME = HelloWorld;
				USES_XCTRUNNER = YES;
			};
			name = Debug;
		};
		160267B61BE46B9200B74DE0 /* Release */ = {
			isa = XCBuildConfiguration;
			buildSettings = {
				INFOPLIST_FILE = HelloWorldUITests/Info.plist;
				LD_RUNPATH_SEARCH_PATHS = "$(inherited) @executable_path/Frameworks @loader_path/Frameworks";
				PRODUCT_BUNDLE_IDENTIFIER = com.estellechang.HelloWorldUITests;
				PRODUCT_NAME = "$(TARGET_NAME)";
				TEST_TARGET_NAME = HelloWorld;
				USES_XCTRUNNER = YES;
			};
			name = Release;
		};
/* End XCBuildConfiguration section */

/* Begin XCConfigurationList section */
		160267811BE46B9100B74DE0 /* Build configuration list for PBXProject "HelloWorld" */ = {
			isa = XCConfigurationList;
			buildConfigurations = (
				160267AC1BE46B9200B74DE0 /* Debug */,
				160267AD1BE46B9200B74DE0 /* Release */,
			);
			defaultConfigurationIsVisible = 0;
			defaultConfigurationName = Release;
		};
		160267AE1BE46B9200B74DE0 /* Build configuration list for PBXNativeTarget "HelloWorld" */ = {
			isa = XCConfigurationList;
			buildConfigurations = (
				160267AF1BE46B9200B74DE0 /* Debug */,
				160267B01BE46B9200B74DE0 /* Release */,
			);
			defaultConfigurationIsVisible = 0;
			defaultConfigurationName = Release;
		};
		160267B11BE46B9200B74DE0 /* Build configuration list for PBXNativeTarget "HelloWorldTests" */ = {
			isa = XCConfigurationList;
			buildConfigurations = (
				160267B21BE46B9200B74DE0 /* Debug */,
				160267B31BE46B9200B74DE0 /* Release */,
			);
			defaultConfigurationIsVisible = 0;
			defaultConfigurationName = Release;
		};
		160267B41BE46B9200B74DE0 /* Build configuration list for PBXNativeTarget "HelloWorldUITests" */ = {
			isa = XCConfigurationList;
			buildConfigurations = (
				160267B51BE46B9200B74DE0 /* Debug */,
				160267B61BE46B9200B74DE0 /* Release */,
			);
			defaultConfigurationIsVisible = 0;
			defaultConfigurationName = Release;
		};
/* End XCConfigurationList section */
	};
	rootObject = 1602677E1BE46B9100B74DE0 /* Project object */;
}
